Microsoft Visual Studio Solution File, Format Version 12.00
# Visual Studio Version 17
VisualStudioVersion = 17.5.2.0
MinimumVisualStudioVersion = 10.0.40219.1
Project("{FAE04EC0-301F-11D3-BF4B-00C04F79EFBC}") = "SetecCSharp", "SetecCSharp.csproj", "{47933812-8DD9-3A3D-DEC7-C871D9509EC4}"
EndProject
Global
	GlobalSection(SolutionConfigurationPlatforms) = preSolution
		Debug|Any CPU = Debug|Any CPU
		Release|Any CPU = Release|Any CPU
	EndGlobalSection
	GlobalSection(ProjectConfigurationPlatforms) = postSolution
		{47933812-8DD9-3A3D-DEC7-C871D9509EC4}.Debug|Any CPU.ActiveCfg = Debug|Any CPU
		{47933812-8DD9-3A3D-DEC7-C871D9509EC4}.Debug|Any CPU.Build.0 = Debug|Any CPU
		{47933812-8DD9-3A3D-DEC7-C871D9509EC4}.Release|Any CPU.ActiveCfg = Release|Any CPU
		{47933812-8DD9-3A3D-DEC7-C871D9509EC4}.Release|Any CPU.Build.0 = Release|Any CPU
	EndGlobalSection
	GlobalSection(SolutionProperties) = preSolution
		HideSolutionNode = FALSE
	EndGlobalSection
	GlobalSection(ExtensibilityGlobals) = postSolution
		SolutionGuid = {3C8BE461-41C9-47B4-B1AE-5D8AE5EFD853}
	EndGlobalSection
EndGlobal
