
Microsoft Visual Studio Solution File, Format Version 12.00
# Visual Studio Version 17
VisualStudioVersion = 17.13.35931.197 d17.13
MinimumVisualStudioVersion = 10.0.40219.1
Project("{FAE04EC0-301F-11D3-BF4B-00C04F79EFBC}") = "SetecCSharp", "SetecCSharp\SetecCSharp.csproj", "{CA05E462-6ADA-4966-9D45-1C6EAA5F6222}"
EndProject
Global
	GlobalSection(SolutionConfigurationPlatforms) = preSolution
		Debug|Any CPU = Debug|Any CPU
		Release|Any CPU = Release|Any CPU
	EndGlobalSection
	GlobalSection(ProjectConfigurationPlatforms) = postSolution
		{CA05E462-6ADA-4966-9D45-1C6EAA5F6222}.Debug|Any CPU.ActiveCfg = Debug|Any CPU
		{CA05E462-6ADA-4966-9D45-1C6EAA5F6222}.Debug|Any CPU.Build.0 = Debug|Any CPU
		{CA05E462-6ADA-4966-9D45-1C6EAA5F6222}.Release|Any CPU.ActiveCfg = Release|Any CPU
		{CA05E462-6ADA-4966-9D45-1C6EAA5F6222}.Release|Any CPU.Build.0 = Release|Any CPU
	EndGlobalSection
	GlobalSection(SolutionProperties) = preSolution
		HideSolutionNode = FALSE
	EndGlobalSection
	GlobalSection(ExtensibilityGlobals) = postSolution
		SolutionGuid = {12D089B4-CEA7-4F12-BADD-6B02D8A50530}
	EndGlobalSection
EndGlobal
